// !$*UTF8*$!
{
	archiveVersion = 1;
	classes = {
	};
	objectVersion = 46;
	objects = {

/* Begin PBXBuildFile section */
		04DC094A187AE84E00DD5E5D /* Foundation.framework in Frameworks */ = {isa = PBXBuildFile; fileRef = 04DC0949187AE84E00DD5E5D /* Foundation.framework */; };
		04DC094C187AE84E00DD5E5D /* CoreGraphics.framework in Frameworks */ = {isa = PBXBuildFile; fileRef = 04DC094B187AE84E00DD5E5D /* CoreGraphics.framework */; };
		04DC094E187AE84E00DD5E5D /* UIKit.framework in Frameworks */ = {isa = PBXBuildFile; fileRef = 04DC094D187AE84E00DD5E5D /* UIKit.framework */; };
		04DC0954187AE84E00DD5E5D /* InfoPlist.strings in Resources */ = {isa = PBXBuildFile; fileRef = 04DC0952187AE84E00DD5E5D /* InfoPlist.strings */; };
		04DC0956187AE84E00DD5E5D /* main.m in Sources */ = {isa = PBXBuildFile; fileRef = 04DC0955187AE84E00DD5E5D /* main.m */; };
		04DC095A187AE84E00DD5E5D /* AppDelegate.m in Sources */ = {isa = PBXBuildFile; fileRef = 04DC0959187AE84E00DD5E5D /* AppDelegate.m */; };
		04DC095D187AE84E00DD5E5D /* Main.storyboard in Resources */ = {isa = PBXBuildFile; fileRef = 04DC095B187AE84E00DD5E5D /* Main.storyboard */; };
		04DC0960187AE84E00DD5E5D /* ViewController.m in Sources */ = {isa = PBXBuildFile; fileRef = 04DC095F187AE84E00DD5E5D /* ViewController.m */; };
		04DC0962187AE84E00DD5E5D /* Images.xcassets in Resources */ = {isa = PBXBuildFile; fileRef = 04DC0961187AE84E00DD5E5D /* Images.xcassets */; };
		04DC0969187AE84E00DD5E5D /* XCTest.framework in Frameworks */ = {isa = PBXBuildFile; fileRef = 04DC0968187AE84E00DD5E5D /* XCTest.framework */; };
		04DC096A187AE84E00DD5E5D /* Foundation.framework in Frameworks */ = {isa = PBXBuildFile; fileRef = 04DC0949187AE84E00DD5E5D /* Foundation.framework */; };
		04DC096B187AE84E00DD5E5D /* UIKit.framework in Frameworks */ = {isa = PBXBuildFile; fileRef = 04DC094D187AE84E00DD5E5D /* UIKit.framework */; };
		04DC0973187AE84E00DD5E5D /* InfoPlist.strings in Resources */ = {isa = PBXBuildFile; fileRef = 04DC0971187AE84E00DD5E5D /* InfoPlist.strings */; };
		04DC0975187AE84E00DD5E5D /* TableCellMoveTests.m in Sources */ = {isa = PBXBuildFile; fileRef = 04DC0974187AE84E00DD5E5D /* TableCellMoveTests.m */; };
/* End PBXBuildFile section */

/* Begin PBXContainerItemProxy section */
		04DC096C187AE84E00DD5E5D /* PBXContainerItemProxy */ = {
			isa = PBXContainerItemProxy;
			containerPortal = 04DC093E187AE84E00DD5E5D /* Project object */;
			proxyType = 1;
			remoteGlobalIDString = 04DC0945187AE84E00DD5E5D;
			remoteInfo = TableCellMove;
		};
/* End PBXContainerItemProxy section */

/* Begin PBXFileReference section */
		04DC0946187AE84E00DD5E5D /* TableCellMove.app */ = {isa = PBXFileReference; explicitFileType = wrapper.application; includeInIndex = 0; path = TableCellMove.app; sourceTree = BUILT_PRODUCTS_DIR; };
		04DC0949187AE84E00DD5E5D /* Foundation.framework */ = {isa = PBXFileReference; lastKnownFileType = wrapper.framework; name = Foundation.framework; path = System/Library/Frameworks/Foundation.framework; sourceTree = SDKROOT; };
		04DC094B187AE84E00DD5E5D /* CoreGraphics.framework */ = {isa = PBXFileReference; lastKnownFileType = wrapper.framework; name = CoreGraphics.framework; path = System/Library/Frameworks/CoreGraphics.framework; sourceTree = SDKROOT; };
		04DC094D187AE84E00DD5E5D /* UIKit.framework */ = {isa = PBXFileReference; lastKnownFileType = wrapper.framework; name = UIKit.framework; path = System/Library/Frameworks/UIKit.framework; sourceTree = SDKROOT; };
		04DC0951187AE84E00DD5E5D /* TableCellMove-Info.plist */ = {isa = PBXFileReference; lastKnownFileType = text.plist.xml; path = "TableCellMove-Info.plist"; sourceTree = "<group>"; };
		04DC0953187AE84E00DD5E5D /* en */ = {isa = PBXFileReference; lastKnownFileType = text.plist.strings; name = en; path = en.lproj/InfoPlist.strings; sourceTree = "<group>"; };
		04DC0955187AE84E00DD5E5D /* main.m */ = {isa = PBXFileReference; lastKnownFileType = sourcecode.c.objc; path = main.m; sourceTree = "<group>"; };
		04DC0957187AE84E00DD5E5D /* TableCellMove-Prefix.pch */ = {isa = PBXFileReference; lastKnownFileType = sourcecode.c.h; path = "TableCellMove-Prefix.pch"; sourceTree = "<group>"; };
		04DC0958187AE84E00DD5E5D /* AppDelegate.h */ = {isa = PBXFileReference; lastKnownFileType = sourcecode.c.h; path = AppDelegate.h; sourceTree = "<group>"; };
		04DC0959187AE84E00DD5E5D /* AppDelegate.m */ = {isa = PBXFileReference; lastKnownFileType = sourcecode.c.objc; path = AppDelegate.m; sourceTree = "<group>"; };
		04DC095C187AE84E00DD5E5D /* Base */ = {isa = PBXFileReference; lastKnownFileType = file.storyboard; name = Base; path = Base.lproj/Main.storyboard; sourceTree = "<group>"; };
		04DC095E187AE84E00DD5E5D /* ViewController.h */ = {isa = PBXFileReference; lastKnownFileType = sourcecode.c.h; path = ViewController.h; sourceTree = "<group>"; };
		04DC095F187AE84E00DD5E5D /* ViewController.m */ = {isa = PBXFileReference; lastKnownFileType = sourcecode.c.objc; path = ViewController.m; sourceTree = "<group>"; };
		04DC0961187AE84E00DD5E5D /* Images.xcassets */ = {isa = PBXFileReference; lastKnownFileType = folder.assetcatalog; path = Images.xcassets; sourceTree = "<group>"; };
		04DC0967187AE84E00DD5E5D /* TableCellMoveTests.xctest */ = {isa = PBXFileReference; explicitFileType = wrapper.cfbundle; includeInIndex = 0; path = TableCellMoveTests.xctest; sourceTree = BUILT_PRODUCTS_DIR; };
		04DC0968187AE84E00DD5E5D /* XCTest.framework */ = {isa = PBXFileReference; lastKnownFileType = wrapper.framework; name = XCTest.framework; path = Library/Frameworks/XCTest.framework; sourceTree = DEVELOPER_DIR; };
		04DC0970187AE84E00DD5E5D /* TableCellMoveTests-Info.plist */ = {isa = PBXFileReference; lastKnownFileType = text.plist.xml; path = "TableCellMoveTests-Info.plist"; sourceTree = "<group>"; };
		04DC0972187AE84E00DD5E5D /* en */ = {isa = PBXFileReference; lastKnownFileType = text.plist.strings; name = en; path = en.lproj/InfoPlist.strings; sourceTree = "<group>"; };
		04DC0974187AE84E00DD5E5D /* TableCellMoveTests.m */ = {isa = PBXFileReference; lastKnownFileType = sourcecode.c.objc; path = TableCellMoveTests.m; sourceTree = "<group>"; };
/* End PBXFileReference section */

/* Begin PBXFrameworksBuildPhase section */
		04DC0943187AE84E00DD5E5D /* Frameworks */ = {
			isa = PBXFrameworksBuildPhase;
			buildActionMask = 2147483647;
			files = (
				04DC094C187AE84E00DD5E5D /* CoreGraphics.framework in Frameworks */,
				04DC094E187AE84E00DD5E5D /* UIKit.framework in Frameworks */,
				04DC094A187AE84E00DD5E5D /* Foundation.framework in Frameworks */,
			);
			runOnlyForDeploymentPostprocessing = 0;
		};
		04DC0964187AE84E00DD5E5D /* Frameworks */ = {
			isa = PBXFrameworksBuildPhase;
			buildActionMask = 2147483647;
			files = (
				04DC0969187AE84E00DD5E5D /* XCTest.framework in Frameworks */,
				04DC096B187AE84E00DD5E5D /* UIKit.framework in Frameworks */,
				04DC096A187AE84E00DD5E5D /* Foundation.framework in Frameworks */,
			);
			runOnlyForDeploymentPostprocessing = 0;
		};
/* End PBXFrameworksBuildPhase section */

/* Begin PBXGroup section */
		04DC093D187AE84E00DD5E5D = {
			isa = PBXGroup;
			children = (
				04DC094F187AE84E00DD5E5D /* TableCellMove */,
				04DC096E187AE84E00DD5E5D /* TableCellMoveTests */,
				04DC0948187AE84E00DD5E5D /* Frameworks */,
				04DC0947187AE84E00DD5E5D /* Products */,
			);
			sourceTree = "<group>";
		};
		04DC0947187AE84E00DD5E5D /* Products */ = {
			isa = PBXGroup;
			children = (
				04DC0946187AE84E00DD5E5D /* TableCellMove.app */,
				04DC0967187AE84E00DD5E5D /* TableCellMoveTests.xctest */,
			);
			name = Products;
			sourceTree = "<group>";
		};
		04DC0948187AE84E00DD5E5D /* Frameworks */ = {
			isa = PBXGroup;
			children = (
				04DC0949187AE84E00DD5E5D /* Foundation.framework */,
				04DC094B187AE84E00DD5E5D /* CoreGraphics.framework */,
				04DC094D187AE84E00DD5E5D /* UIKit.framework */,
				04DC0968187AE84E00DD5E5D /* XCTest.framework */,
			);
			name = Frameworks;
			sourceTree = "<group>";
		};
		04DC094F187AE84E00DD5E5D /* TableCellMove */ = {
			isa = PBXGroup;
			children = (
				04DC0958187AE84E00DD5E5D /* AppDelegate.h */,
				04DC0959187AE84E00DD5E5D /* AppDelegate.m */,
				04DC095B187AE84E00DD5E5D /* Main.storyboard */,
				04DC095E187AE84E00DD5E5D /* ViewController.h */,
				04DC095F187AE84E00DD5E5D /* ViewController.m */,
				04DC0961187AE84E00DD5E5D /* Images.xcassets */,
				04DC0950187AE84E00DD5E5D /* Supporting Files */,
			);
			path = TableCellMove;
			sourceTree = "<group>";
		};
		04DC0950187AE84E00DD5E5D /* Supporting Files */ = {
			isa = PBXGroup;
			children = (
				04DC0951187AE84E00DD5E5D /* TableCellMove-Info.plist */,
				04DC0952187AE84E00DD5E5D /* InfoPlist.strings */,
				04DC0955187AE84E00DD5E5D /* main.m */,
				04DC0957187AE84E00DD5E5D /* TableCellMove-Prefix.pch */,
			);
			name = "Supporting Files";
			sourceTree = "<group>";
		};
		04DC096E187AE84E00DD5E5D /* TableCellMoveTests */ = {
			isa = PBXGroup;
			children = (
				04DC0974187AE84E00DD5E5D /* TableCellMoveTests.m */,
				04DC096F187AE84E00DD5E5D /* Supporting Files */,
			);
			path = TableCellMoveTests;
			sourceTree = "<group>";
		};
		04DC096F187AE84E00DD5E5D /* Supporting Files */ = {
			isa = PBXGroup;
			children = (
				04DC0970187AE84E00DD5E5D /* TableCellMoveTests-Info.plist */,
				04DC0971187AE84E00DD5E5D /* InfoPlist.strings */,
			);
			name = "Supporting Files";
			sourceTree = "<group>";
		};
/* End PBXGroup section */

/* Begin PBXNativeTarget section */
		04DC0945187AE84E00DD5E5D /* TableCellMove */ = {
			isa = PBXNativeTarget;
			buildConfigurationList = 04DC0978187AE84E00DD5E5D /* Build configuration list for PBXNativeTarget "TableCellMove" */;
			buildPhases = (
				04DC0942187AE84E00DD5E5D /* Sources */,
				04DC0943187AE84E00DD5E5D /* Frameworks */,
				04DC0944187AE84E00DD5E5D /* Resources */,
			);
			buildRules = (
			);
			dependencies = (
			);
			name = TableCellMove;
			productName = TableCellMove;
			productReference = 04DC0946187AE84E00DD5E5D /* TableCellMove.app */;
			productType = "com.apple.product-type.application";
		};
		04DC0966187AE84E00DD5E5D /* TableCellMoveTests */ = {
			isa = PBXNativeTarget;
			buildConfigurationList = 04DC097B187AE84E00DD5E5D /* Build configuration list for PBXNativeTarget "TableCellMoveTests" */;
			buildPhases = (
				04DC0963187AE84E00DD5E5D /* Sources */,
				04DC0964187AE84E00DD5E5D /* Frameworks */,
				04DC0965187AE84E00DD5E5D /* Resources */,
			);
			buildRules = (
			);
			dependencies = (
				04DC096D187AE84E00DD5E5D /* PBXTargetDependency */,
			);
			name = TableCellMoveTests;
			productName = TableCellMoveTests;
			productReference = 04DC0967187AE84E00DD5E5D /* TableCellMoveTests.xctest */;
			productType = "com.apple.product-type.bundle.unit-test";
		};
/* End PBXNativeTarget section */

/* Begin PBXProject section */
		04DC093E187AE84E00DD5E5D /* Project object */ = {
			isa = PBXProject;
			attributes = {
				LastUpgradeCheck = 0500;
				ORGANIZATIONNAME = iamdreamer;
				TargetAttributes = {
					04DC0966187AE84E00DD5E5D = {
						TestTargetID = 04DC0945187AE84E00DD5E5D;
					};
				};
			};
			buildConfigurationList = 04DC0941187AE84E00DD5E5D /* Build configuration list for PBXProject "TableCellMove" */;
			compatibilityVersion = "Xcode 3.2";
			developmentRegion = English;
			hasScannedForEncodings = 0;
			knownRegions = (
				en,
				Base,
			);
			mainGroup = 04DC093D187AE84E00DD5E5D;
			productRefGroup = 04DC0947187AE84E00DD5E5D /* Products */;
			projectDirPath = "";
			projectRoot = "";
			targets = (
				04DC0945187AE84E00DD5E5D /* TableCellMove */,
				04DC0966187AE84E00DD5E5D /* TableCellMoveTests */,
			);
		};
/* End PBXProject section */

/* Begin PBXResourcesBuildPhase section */
		04DC0944187AE84E00DD5E5D /* Resources */ = {
			isa = PBXResourcesBuildPhase;
			buildActionMask = 2147483647;
			files = (
				04DC0962187AE84E00DD5E5D /* Images.xcassets in Resources */,
				04DC0954187AE84E00DD5E5D /* InfoPlist.strings in Resources */,
				04DC095D187AE84E00DD5E5D /* Main.storyboard in Resources */,
			);
			runOnlyForDeploymentPostprocessing = 0;
		};
		04DC0965187AE84E00DD5E5D /* Resources */ = {
			isa = PBXResourcesBuildPhase;
			buildActionMask = 2147483647;
			files = (
				04DC0973187AE84E00DD5E5D /* InfoPlist.strings in Resources */,
			);
			runOnlyForDeploymentPostprocessing = 0;
		};
/* End PBXResourcesBuildPhase section */

/* Begin PBXSourcesBuildPhase section */
		04DC0942187AE84E00DD5E5D /* Sources */ = {
			isa = PBXSourcesBuildPhase;
			buildActionMask = 2147483647;
			files = (
				04DC0960187AE84E00DD5E5D /* ViewController.m in Sources */,
				04DC095A187AE84E00DD5E5D /* AppDelegate.m in Sources */,
				04DC0956187AE84E00DD5E5D /* main.m in Sources */,
			);
			runOnlyForDeploymentPostprocessing = 0;
		};
		04DC0963187AE84E00DD5E5D /* Sources */ = {
			isa = PBXSourcesBuildPhase;
			buildActionMask = 2147483647;
			files = (
				04DC0975187AE84E00DD5E5D /* TableCellMoveTests.m in Sources */,
			);
			runOnlyForDeploymentPostprocessing = 0;
		};
/* End PBXSourcesBuildPhase section */

/* Begin PBXTargetDependency section */
		04DC096D187AE84E00DD5E5D /* PBXTargetDependency */ = {
			isa = PBXTargetDependency;
			target = 04DC0945187AE84E00DD5E5D /* TableCellMove */;
			targetProxy = 04DC096C187AE84E00DD5E5D /* PBXContainerItemProxy */;
		};
/* End PBXTargetDependency section */

/* Begin PBXVariantGroup section */
		04DC0952187AE84E00DD5E5D /* InfoPlist.strings */ = {
			isa = PBXVariantGroup;
			children = (
				04DC0953187AE84E00DD5E5D /* en */,
			);
			name = InfoPlist.strings;
			sourceTree = "<group>";
		};
		04DC095B187AE84E00DD5E5D /* Main.storyboard */ = {
			isa = PBXVariantGroup;
			children = (
				04DC095C187AE84E00DD5E5D /* Base */,
			);
			name = Main.storyboard;
			sourceTree = "<group>";
		};
		04DC0971187AE84E00DD5E5D /* InfoPlist.strings */ = {
			isa = PBXVariantGroup;
			children = (
				04DC0972187AE84E00DD5E5D /* en */,
			);
			name = InfoPlist.strings;
			sourceTree = "<group>";
		};
/* End PBXVariantGroup section */

/* Begin XCBuildConfiguration section */
		04DC0976187AE84E00DD5E5D /* Debug */ = {
			isa = XCBuildConfiguration;
			buildSettings = {
				ALWAYS_SEARCH_USER_PATHS = NO;
				ARCHS = "$(ARCHS_STANDARD_INCLUDING_64_BIT)";
				CLANG_CXX_LANGUAGE_STANDARD = "gnu++0x";
				CLANG_CXX_LIBRARY = "libc++";
				CLANG_ENABLE_MODULES = YES;
				CLANG_ENABLE_OBJC_ARC = YES;
				CLANG_WARN_BOOL_CONVERSION = YES;
				CLANG_WARN_CONSTANT_CONVERSION = YES;
				CLANG_WARN_DIRECT_OBJC_ISA_USAGE = YES_ERROR;
				CLANG_WARN_EMPTY_BODY = YES;
				CLANG_WARN_ENUM_CONVERSION = YES;
				CLANG_WARN_INT_CONVERSION = YES;
				CLANG_WARN_OBJC_ROOT_CLASS = YES_ERROR;
				CLANG_WARN__DUPLICATE_METHOD_MATCH = YES;
				"CODE_SIGN_IDENTITY[sdk=iphoneos*]" = "iPhone Developer";
				COPY_PHASE_STRIP = NO;
				GCC_C_LANGUAGE_STANDARD = gnu99;
				GCC_DYNAMIC_NO_PIC = NO;
				GCC_OPTIMIZATION_LEVEL = 0;
				GCC_PREPROCESSOR_DEFINITIONS = (
					"DEBUG=1",
					"$(inherited)",
				);
				GCC_SYMBOLS_PRIVATE_EXTERN = NO;
				GCC_WARN_64_TO_32_BIT_CONVERSION = YES;
				GCC_WARN_ABOUT_RETURN_TYPE = YES_ERROR;
				GCC_WARN_UNDECLARED_SELECTOR = YES;
				GCC_WARN_UNINITIALIZED_AUTOS = YES;
				GCC_WARN_UNUSED_FUNCTION = YES;
				GCC_WARN_UNUSED_VARIABLE = YES;
				IPHONEOS_DEPLOYMENT_TARGET = 7.0;
				ONLY_ACTIVE_ARCH = YES;
				SDKROOT = iphoneos;
			};
			name = Debug;
		};
		04DC0977187AE84E00DD5E5D /* Release */ = {
			isa = XCBuildConfiguration;
			buildSettings = {
				ALWAYS_SEARCH_USER_PATHS = NO;
				ARCHS = "$(ARCHS_STANDARD_INCLUDING_64_BIT)";
				CLANG_CXX_LANGUAGE_STANDARD = "gnu++0x";
				CLANG_CXX_LIBRARY = "libc++";
				CLANG_ENABLE_MODULES = YES;
				CLANG_ENABLE_OBJC_ARC = YES;
				CLANG_WARN_BOOL_CONVERSION = YES;
				CLANG_WARN_CONSTANT_CONVERSION = YES;
				CLANG_WARN_DIRECT_OBJC_ISA_USAGE = YES_ERROR;
				CLANG_WARN_EMPTY_BODY = YES;
				CLANG_WARN_ENUM_CONVERSION = YES;
				CLANG_WARN_INT_CONVERSION = YES;
				CLANG_WARN_OBJC_ROOT_CLASS = YES_ERROR;
				CLANG_WARN__DUPLICATE_METHOD_MATCH = YES;
				"CODE_SIGN_IDENTITY[sdk=iphoneos*]" = "iPhone Developer";
				COPY_PHASE_STRIP = YES;
				ENABLE_NS_ASSERTIONS = NO;
				GCC_C_LANGUAGE_STANDARD = gnu99;
				GCC_WARN_64_TO_32_BIT_CONVERSION = YES;
				GCC_WARN_ABOUT_RETURN_TYPE = YES_ERROR;
				GCC_WARN_UNDECLARED_SELECTOR = YES;
				GCC_WARN_UNINITIALIZED_AUTOS = YES;
				GCC_WARN_UNUSED_FUNCTION = YES;
				GCC_WARN_UNUSED_VARIABLE = YES;
				IPHONEOS_DEPLOYMENT_TARGET = 7.0;
				SDKROOT = iphoneos;
				VALIDATE_PRODUCT = YES;
			};
			name = Release;
		};
		04DC0979187AE84E00DD5E5D /* Debug */ = {
			isa = XCBuildConfiguration;
			buildSettings = {
				ASSETCATALOG_COMPILER_APPICON_NAME = AppIcon;
				ASSETCATALOG_COMPILER_LAUNCHIMAGE_NAME = LaunchImage;
				GCC_PRECOMPILE_PREFIX_HEADER = YES;
				GCC_PREFIX_HEADER = "TableCellMove/TableCellMove-Prefix.pch";
				INFOPLIST_FILE = "TableCellMove/TableCellMove-Info.plist";
				PRODUCT_NAME = "$(TARGET_NAME)";
				WRAPPER_EXTENSION = app;
			};
			name = Debug;
		};
		04DC097A187AE84E00DD5E5D /* Release */ = {
			isa = XCBuildConfiguration;
			buildSettings = {
				ASSETCATALOG_COMPILER_APPICON_NAME = AppIcon;
				ASSETCATALOG_COMPILER_LAUNCHIMAGE_NAME = LaunchImage;
				GCC_PRECOMPILE_PREFIX_HEADER = YES;
				GCC_PREFIX_HEADER = "TableCellMove/TableCellMove-Prefix.pch";
				INFOPLIST_FILE = "TableCellMove/TableCellMove-Info.plist";
				PRODUCT_NAME = "$(TARGET_NAME)";
				WRAPPER_EXTENSION = app;
			};
			name = Release;
		};
		04DC097C187AE84E00DD5E5D /* Debug */ = {
			isa = XCBuildConfiguration;
			buildSettings = {
				ARCHS = "$(ARCHS_STANDARD_INCLUDING_64_BIT)";
				BUNDLE_LOADER = "$(BUILT_PRODUCTS_DIR)/TableCellMove.app/TableCellMove";
				FRAMEWORK_SEARCH_PATHS = (
					"$(SDKROOT)/Developer/Library/Frameworks",
					"$(inherited)",
					"$(DEVELOPER_FRAMEWORKS_DIR)",
				);
				GCC_PRECOMPILE_PREFIX_HEADER = YES;
				GCC_PREFIX_HEADER = "TableCellMove/TableCellMove-Prefix.pch";
				GCC_PREPROCESSOR_DEFINITIONS = (
					"DEBUG=1",
					"$(inherited)",
				);
				INFOPLIST_FILE = "TableCellMoveTests/TableCellMoveTests-Info.plist";
				PRODUCT_NAME = "$(TARGET_NAME)";
				TEST_HOST = "$(BUNDLE_LOADER)";
				WRAPPER_EXTENSION = xctest;
			};
			name = Debug;
		};
		04DC097D187AE84E00DD5E5D /* Release */ = {
			isa = XCBuildConfiguration;
			buildSettings = {
				ARCHS = "$(ARCHS_STANDARD_INCLUDING_64_BIT)";
				BUNDLE_LOADER = "$(BUILT_PRODUCTS_DIR)/TableCellMove.app/TableCellMove";
				FRAMEWORK_SEARCH_PATHS = (
					"$(SDKROOT)/Developer/Library/Frameworks",
					"$(inherited)",
					"$(DEVELOPER_FRAMEWORKS_DIR)",
				);
				GCC_PRECOMPILE_PREFIX_HEADER = YES;
				GCC_PREFIX_HEADER = "TableCellMove/TableCellMove-Prefix.pch";
				INFOPLIST_FILE = "TableCellMoveTests/TableCellMoveTests-Info.plist";
				PRODUCT_NAME = "$(TARGET_NAME)";
				TEST_HOST = "$(BUNDLE_LOADER)";
				WRAPPER_EXTENSION = xctest;
			};
			name = Release;
		};
/* End XCBuildConfiguration section */

/* Begin XCConfigurationList section */
		04DC0941187AE84E00DD5E5D /* Build configuration list for PBXProject "TableCellMove" */ = {
			isa = XCConfigurationList;
			buildConfigurations = (
				04DC0976187AE84E00DD5E5D /* Debug */,
				04DC0977187AE84E00DD5E5D /* Release */,
			);
			defaultConfigurationIsVisible = 0;
			defaultConfigurationName = Release;
		};
		04DC0978187AE84E00DD5E5D /* Build configuration list for PBXNativeTarget "TableCellMove" */ = {
			isa = XCConfigurationList;
			buildConfigurations = (
				04DC0979187AE84E00DD5E5D /* Debug */,
				04DC097A187AE84E00DD5E5D /* Release */,
			);
			defaultConfigurationIsVisible = 0;
		};
		04DC097B187AE84E00DD5E5D /* Build configuration list for PBXNativeTarget "TableCellMoveTests" */ = {
			isa = XCConfigurationList;
			buildConfigurations = (
				04DC097C187AE84E00DD5E5D /* Debug */,
				04DC097D187AE84E00DD5E5D /* Release */,
			);
			defaultConfigurationIsVisible = 0;
		};
/* End XCConfigurationList section */
	};
	rootObject = 04DC093E187AE84E00DD5E5D /* Project object */;
}
